// !$*UTF8*$!
{
	archiveVersion = 1;
	classes = {
	};
	objectVersion = 77;
	objects = {

/* Begin PBXBuildFile section */
		C38766EC2EC8344B00AB0938 /* WellDayApp.swift in Sources */ = {isa = PBXBuildFile; fileRef = C38766EB2EC8344B00AB0938 /* WellDayApp.swift */; };
		C38766F02EC8344B00AB0938 /* CommonComponents.swift in Sources */ = {isa = PBXBuildFile; fileRef = C38766EF2EC8344B00AB0938 /* CommonComponents.swift */; };
		C387671F2EC8372400AB0938 /* MealRow.swift in Sources */ = {isa = PBXBuildFile; fileRef = C387671D2EC8371C00AB0938 /* MealRow.swift */; };
		C38767312EC83F3600AB0938 /* StorageService.swift in Sources */ = {isa = PBXBuildFile; fileRef = C38767072EC8344C00AB0938 /* StorageService.swift */; };
		C38767322EC83F3C00AB0938 /* AdvisorService.swift in Sources */ = {isa = PBXBuildFile; fileRef = C38767052EC8344C00AB0938 /* AdvisorService.swift */; };
		C38767332EC83F4C00AB0938 /* Recipe.swift in Sources */ = {isa = PBXBuildFile; fileRef = C38766FB2EC8344C00AB0938 /* Recipe.swift */; };
		C38767342EC83F5200AB0938 /* Meal.swift in Sources */ = {isa = PBXBuildFile; fileRef = C387671A2EC835C500AB0938 /* Meal.swift */; };
		C38767352EC83F5700AB0938 /* UserProfile.swift in Sources */ = {isa = PBXBuildFile; fileRef = C38767172EC8353D00AB0938 /* UserProfile.swift */; };
		C38767362EC83F5D00AB0938 /* DailyStats.swift in Sources */ = {isa = PBXBuildFile; fileRef = C38767142EC8350B00AB0938 /* DailyStats.swift */; };
		C38767372EC83F6300AB0938 /* UserViewModel.swift in Sources */ = {isa = PBXBuildFile; fileRef = C38767252EC839A900AB0938 /* UserViewModel.swift */; };
		C38767382EC83F6800AB0938 /* RecipesViewModel.swift in Sources */ = {isa = PBXBuildFile; fileRef = C38767262EC839BD00AB0938 /* RecipesViewModel.swift */; };
		C38767392EC83F6E00AB0938 /* MealsViewModel.swift in Sources */ = {isa = PBXBuildFile; fileRef = C38767272EC839E700AB0938 /* MealsViewModel.swift */; };
		C387673A2EC83F7700AB0938 /* HomeView.swift in Sources */ = {isa = PBXBuildFile; fileRef = C387672F2EC83D4800AB0938 /* HomeView.swift */; };
		C387673B2EC83F8700AB0938 /* ProfileView.swift in Sources */ = {isa = PBXBuildFile; fileRef = C387672D2EC83C5600AB0938 /* ProfileView.swift */; };
		C387673C2EC83F8C00AB0938 /* AddRecipeView.swift in Sources */ = {isa = PBXBuildFile; fileRef = C387672E2EC83C9100AB0938 /* AddRecipeView.swift */; };
		C387673D2EC83F9200AB0938 /* RecipeHubView.swift in Sources */ = {isa = PBXBuildFile; fileRef = C387672C2EC83BB900AB0938 /* RecipeHubView.swift */; };
		C387673E2EC83F9700AB0938 /* RecipeDetailView.swift in Sources */ = {isa = PBXBuildFile; fileRef = C387672B2EC83B9F00AB0938 /* RecipeDetailView.swift */; };
		C387673F2EC83F9B00AB0938 /* AddMealView.swift in Sources */ = {isa = PBXBuildFile; fileRef = C38767302EC83D8900AB0938 /* AddMealView.swift */; };
		C38767762EC8B31A00AB0938 /* NutritionAnalysisService.swift in Sources */ = {isa = PBXBuildFile; fileRef = C38767752EC8B30900AB0938 /* NutritionAnalysisService.swift */; };
/* End PBXBuildFile section */

/* Begin PBXContainerItemProxy section */
		C38766F82EC8344C00AB0938 /* PBXContainerItemProxy */ = {
			isa = PBXContainerItemProxy;
			containerPortal = C38766E02EC8344B00AB0938 /* Project object */;
			proxyType = 1;
			remoteGlobalIDString = C38766E72EC8344B00AB0938;
			remoteInfo = WellDay;
		};
		C38767022EC8344C00AB0938 /* PBXContainerItemProxy */ = {
			isa = PBXContainerItemProxy;
			containerPortal = C38766E02EC8344B00AB0938 /* Project object */;
			proxyType = 1;
			remoteGlobalIDString = C38766E72EC8344B00AB0938;
			remoteInfo = WellDay;
		};
/* End PBXContainerItemProxy section */

/* Begin PBXFileReference section */
		C38766E82EC8344B00AB0938 /* WellDay.app */ = {isa = PBXFileReference; explicitFileType = wrapper.application; includeInIndex = 0; path = WellDay.app; sourceTree = BUILT_PRODUCTS_DIR; };
		C38766EB2EC8344B00AB0938 /* WellDayApp.swift */ = {isa = PBXFileReference; lastKnownFileType = sourcecode.swift; path = WellDayApp.swift; sourceTree = "<group>"; };
		C38766EF2EC8344B00AB0938 /* CommonComponents.swift */ = {isa = PBXFileReference; lastKnownFileType = sourcecode.swift; path = CommonComponents.swift; sourceTree = "<group>"; };
		C38766F72EC8344C00AB0938 /* WellDayTests.xctest */ = {isa = PBXFileReference; explicitFileType = wrapper.cfbundle; includeInIndex = 0; path = WellDayTests.xctest; sourceTree = BUILT_PRODUCTS_DIR; };
		C38766FB2EC8344C00AB0938 /* Recipe.swift */ = {isa = PBXFileReference; lastKnownFileType = sourcecode.swift; path = Recipe.swift; sourceTree = "<group>"; };
		C38767012EC8344C00AB0938 /* WellDayUITests.xctest */ = {isa = PBXFileReference; explicitFileType = wrapper.cfbundle; includeInIndex = 0; path = WellDayUITests.xctest; sourceTree = BUILT_PRODUCTS_DIR; };
		C38767052EC8344C00AB0938 /* AdvisorService.swift */ = {isa = PBXFileReference; lastKnownFileType = sourcecode.swift; path = AdvisorService.swift; sourceTree = "<group>"; };
		C38767072EC8344C00AB0938 /* StorageService.swift */ = {isa = PBXFileReference; lastKnownFileType = sourcecode.swift; path = StorageService.swift; sourceTree = "<group>"; };
		C38767142EC8350B00AB0938 /* DailyStats.swift */ = {isa = PBXFileReference; lastKnownFileType = sourcecode.swift; path = DailyStats.swift; sourceTree = "<group>"; };
		C38767172EC8353D00AB0938 /* UserProfile.swift */ = {isa = PBXFileReference; lastKnownFileType = sourcecode.swift; path = UserProfile.swift; sourceTree = "<group>"; };
		C387671A2EC835C500AB0938 /* Meal.swift */ = {isa = PBXFileReference; lastKnownFileType = sourcecode.swift; path = Meal.swift; sourceTree = "<group>"; };
		C387671D2EC8371C00AB0938 /* MealRow.swift */ = {isa = PBXFileReference; lastKnownFileType = sourcecode.swift; path = MealRow.swift; sourceTree = "<group>"; };
		C38767252EC839A900AB0938 /* UserViewModel.swift */ = {isa = PBXFileReference; lastKnownFileType = sourcecode.swift; path = UserViewModel.swift; sourceTree = "<group>"; };
		C38767262EC839BD00AB0938 /* RecipesViewModel.swift */ = {isa = PBXFileReference; lastKnownFileType = sourcecode.swift; path = RecipesViewModel.swift; sourceTree = "<group>"; };
		C38767272EC839E700AB0938 /* MealsViewModel.swift */ = {isa = PBXFileReference; lastKnownFileType = sourcecode.swift; path = MealsViewModel.swift; sourceTree = "<group>"; };
		C387672B2EC83B9F00AB0938 /* RecipeDetailView.swift */ = {isa = PBXFileReference; lastKnownFileType = sourcecode.swift; path = RecipeDetailView.swift; sourceTree = "<group>"; };
		C387672C2EC83BB900AB0938 /* RecipeHubView.swift */ = {isa = PBXFileReference; lastKnownFileType = sourcecode.swift; path = RecipeHubView.swift; sourceTree = "<group>"; };
		C387672D2EC83C5600AB0938 /* ProfileView.swift */ = {isa = PBXFileReference; lastKnownFileType = sourcecode.swift; path = ProfileView.swift; sourceTree = "<group>"; };
		C387672E2EC83C9100AB0938 /* AddRecipeView.swift */ = {isa = PBXFileReference; lastKnownFileType = sourcecode.swift; path = AddRecipeView.swift; sourceTree = "<group>"; };
		C387672F2EC83D4800AB0938 /* HomeView.swift */ = {isa = PBXFileReference; lastKnownFileType = sourcecode.swift; path = HomeView.swift; sourceTree = "<group>"; };
		C38767302EC83D8900AB0938 /* AddMealView.swift */ = {isa = PBXFileReference; lastKnownFileType = sourcecode.swift; path = AddMealView.swift; sourceTree = "<group>"; };
		C38767752EC8B30900AB0938 /* NutritionAnalysisService.swift */ = {isa = PBXFileReference; lastKnownFileType = sourcecode.swift; path = NutritionAnalysisService.swift; sourceTree = "<group>"; };
/* End PBXFileReference section */

/* Begin PBXFrameworksBuildPhase section */
		C38766E52EC8344B00AB0938 /* Frameworks */ = {
			isa = PBXFrameworksBuildPhase;
			buildActionMask = 2147483647;
			files = (
			);
			runOnlyForDeploymentPostprocessing = 0;
		};
		C38766F42EC8344C00AB0938 /* Frameworks */ = {
			isa = PBXFrameworksBuildPhase;
			buildActionMask = 2147483647;
			files = (
			);
			runOnlyForDeploymentPostprocessing = 0;
		};
		C38766FE2EC8344C00AB0938 /* Frameworks */ = {
			isa = PBXFrameworksBuildPhase;
			buildActionMask = 2147483647;
			files = (
			);
			runOnlyForDeploymentPostprocessing = 0;
		};
/* End PBXFrameworksBuildPhase section */

/* Begin PBXGroup section */
		C38766DF2EC8344B00AB0938 = {
			isa = PBXGroup;
			children = (
				C387672A2EC83B7500AB0938 /* Views */,
				C38767282EC83B1700AB0938 /* App */,
				C38767242EC8399B00AB0938 /* viewModels */,
				C38767222EC8390400AB0938 /* Models */,
				C38767202EC838A300AB0938 /* Components */,
				C38767232EC8391C00AB0938 /* Services */,
				C38766E92EC8344B00AB0938 /* Products */,
			);
			sourceTree = "<group>";
		};
		C38766E92EC8344B00AB0938 /* Products */ = {
			isa = PBXGroup;
			children = (
				C38766E82EC8344B00AB0938 /* WellDay.app */,
				C38766F72EC8344C00AB0938 /* WellDayTests.xctest */,
				C38767012EC8344C00AB0938 /* WellDayUITests.xctest */,
			);
			name = Products;
			sourceTree = "<group>";
		};
		C38767202EC838A300AB0938 /* Components */ = {
			isa = PBXGroup;
			children = (
				C38766EF2EC8344B00AB0938 /* CommonComponents.swift */,
				C387671D2EC8371C00AB0938 /* MealRow.swift */,
			);
			path = Components;
			sourceTree = "<group>";
		};
		C38767222EC8390400AB0938 /* Models */ = {
			isa = PBXGroup;
			children = (
				C38767142EC8350B00AB0938 /* DailyStats.swift */,
				C38767172EC8353D00AB0938 /* UserProfile.swift */,
				C387671A2EC835C500AB0938 /* Meal.swift */,
				C38766FB2EC8344C00AB0938 /* Recipe.swift */,
			);
			path = Models;
			sourceTree = "<group>";
		};
		C38767232EC8391C00AB0938 /* Services */ = {
			isa = PBXGroup;
			children = (
				C38767752EC8B30900AB0938 /* NutritionAnalysisService.swift */,
				C38767052EC8344C00AB0938 /* AdvisorService.swift */,
				C38767072EC8344C00AB0938 /* StorageService.swift */,
			);
			path = Services;
			sourceTree = "<group>";
		};
		C38767242EC8399B00AB0938 /* viewModels */ = {
			isa = PBXGroup;
			children = (
				C38767272EC839E700AB0938 /* MealsViewModel.swift */,
				C38767262EC839BD00AB0938 /* RecipesViewModel.swift */,
				C38767252EC839A900AB0938 /* UserViewModel.swift */,
			);
			path = viewModels;
			sourceTree = "<group>";
		};
		C38767282EC83B1700AB0938 /* App */ = {
			isa = PBXGroup;
			children = (
				C38766EB2EC8344B00AB0938 /* WellDayApp.swift */,
			);
			path = App;
			sourceTree = "<group>";
		};
		C387672A2EC83B7500AB0938 /* Views */ = {
			isa = PBXGroup;
			children = (
				C38767302EC83D8900AB0938 /* AddMealView.swift */,
				C387672B2EC83B9F00AB0938 /* RecipeDetailView.swift */,
				C387672C2EC83BB900AB0938 /* RecipeHubView.swift */,
				C387672E2EC83C9100AB0938 /* AddRecipeView.swift */,
				C387672D2EC83C5600AB0938 /* ProfileView.swift */,
				C387672F2EC83D4800AB0938 /* HomeView.swift */,
			);
			path = Views;
			sourceTree = "<group>";
		};
/* End PBXGroup section */

/* Begin PBXNativeTarget section */
		C38766E72EC8344B00AB0938 /* WellDay */ = {
			isa = PBXNativeTarget;
			buildConfigurationList = C387670B2EC8344C00AB0938 /* Build configuration list for PBXNativeTarget "WellDay" */;
			buildPhases = (
				C38766E42EC8344B00AB0938 /* Sources */,
				C38766E52EC8344B00AB0938 /* Frameworks */,
				C38766E62EC8344B00AB0938 /* Resources */,
			);
			buildRules = (
			);
			dependencies = (
			);
			name = WellDay;
			packageProductDependencies = (
			);
			productName = WellDay;
			productReference = C38766E82EC8344B00AB0938 /* WellDay.app */;
			productType = "com.apple.product-type.application";
		};
		C38766F62EC8344C00AB0938 /* WellDayTests */ = {
			isa = PBXNativeTarget;
			buildConfigurationList = C387670E2EC8344C00AB0938 /* Build configuration list for PBXNativeTarget "WellDayTests" */;
			buildPhases = (
				C38766F32EC8344C00AB0938 /* Sources */,
				C38766F42EC8344C00AB0938 /* Frameworks */,
				C38766F52EC8344C00AB0938 /* Resources */,
			);
			buildRules = (
			);
			dependencies = (
				C38766F92EC8344C00AB0938 /* PBXTargetDependency */,
			);
			name = WellDayTests;
			packageProductDependencies = (
			);
			productName = WellDayTests;
			productReference = C38766F72EC8344C00AB0938 /* WellDayTests.xctest */;
			productType = "com.apple.product-type.bundle.unit-test";
		};
		C38767002EC8344C00AB0938 /* WellDayUITests */ = {
			isa = PBXNativeTarget;
			buildConfigurationList = C38767112EC8344C00AB0938 /* Build configuration list for PBXNativeTarget "WellDayUITests" */;
			buildPhases = (
				C38766FD2EC8344C00AB0938 /* Sources */,
				C38766FE2EC8344C00AB0938 /* Frameworks */,
				C38766FF2EC8344C00AB0938 /* Resources */,
			);
			buildRules = (
			);
			dependencies = (
				C38767032EC8344C00AB0938 /* PBXTargetDependency */,
			);
			name = WellDayUITests;
			packageProductDependencies = (
			);
			productName = WellDayUITests;
			productReference = C38767012EC8344C00AB0938 /* WellDayUITests.xctest */;
			productType = "com.apple.product-type.bundle.ui-testing";
		};
/* End PBXNativeTarget section */

/* Begin PBXProject section */
		C38766E02EC8344B00AB0938 /* Project object */ = {
			isa = PBXProject;
			attributes = {
				BuildIndependentTargetsInParallel = 1;
				LastSwiftUpdateCheck = 2610;
				LastUpgradeCheck = 2610;
				TargetAttributes = {
					C38766E72EC8344B00AB0938 = {
						CreatedOnToolsVersion = 26.1.1;
					};
					C38766F62EC8344C00AB0938 = {
						CreatedOnToolsVersion = 26.1.1;
						TestTargetID = C38766E72EC8344B00AB0938;
					};
					C38767002EC8344C00AB0938 = {
						CreatedOnToolsVersion = 26.1.1;
						TestTargetID = C38766E72EC8344B00AB0938;
					};
				};
			};
			buildConfigurationList = C38766E32EC8344B00AB0938 /* Build configuration list for PBXProject "WellDay" */;
			developmentRegion = en;
			hasScannedForEncodings = 0;
			knownRegions = (
				en,
				Base,
			);
			mainGroup = C38766DF2EC8344B00AB0938;
			minimizedProjectReferenceProxies = 1;
			preferredProjectObjectVersion = 77;
			productRefGroup = C38766E92EC8344B00AB0938 /* Products */;
			projectDirPath = "";
			projectRoot = "";
			targets = (
				C38766E72EC8344B00AB0938 /* WellDay */,
				C38766F62EC8344C00AB0938 /* WellDayTests */,
				C38767002EC8344C00AB0938 /* WellDayUITests */,
			);
		};
/* End PBXProject section */

/* Begin PBXResourcesBuildPhase section */
		C38766E62EC8344B00AB0938 /* Resources */ = {
			isa = PBXResourcesBuildPhase;
			buildActionMask = 2147483647;
			files = (
			);
			runOnlyForDeploymentPostprocessing = 0;
		};
		C38766F52EC8344C00AB0938 /* Resources */ = {
			isa = PBXResourcesBuildPhase;
			buildActionMask = 2147483647;
			files = (
			);
			runOnlyForDeploymentPostprocessing = 0;
		};
		C38766FF2EC8344C00AB0938 /* Resources */ = {
			isa = PBXResourcesBuildPhase;
			buildActionMask = 2147483647;
			files = (
			);
			runOnlyForDeploymentPostprocessing = 0;
		};
/* End PBXResourcesBuildPhase section */

/* Begin PBXSourcesBuildPhase section */
		C38766E42EC8344B00AB0938 /* Sources */ = {
			isa = PBXSourcesBuildPhase;
			buildActionMask = 2147483647;
			files = (
				C387673D2EC83F9200AB0938 /* RecipeHubView.swift in Sources */,
				C38766F02EC8344B00AB0938 /* CommonComponents.swift in Sources */,
				C38767312EC83F3600AB0938 /* StorageService.swift in Sources */,
				C387673A2EC83F7700AB0938 /* HomeView.swift in Sources */,
				C38767342EC83F5200AB0938 /* Meal.swift in Sources */,
				C38767382EC83F6800AB0938 /* RecipesViewModel.swift in Sources */,
				C38767372EC83F6300AB0938 /* UserViewModel.swift in Sources */,
				C38767392EC83F6E00AB0938 /* MealsViewModel.swift in Sources */,
				C38766EC2EC8344B00AB0938 /* WellDayApp.swift in Sources */,
				C38767352EC83F5700AB0938 /* UserProfile.swift in Sources */,
				C38767762EC8B31A00AB0938 /* NutritionAnalysisService.swift in Sources */,
				C38767332EC83F4C00AB0938 /* Recipe.swift in Sources */,
				C387671F2EC8372400AB0938 /* MealRow.swift in Sources */,
				C38767362EC83F5D00AB0938 /* DailyStats.swift in Sources */,
				C387673B2EC83F8700AB0938 /* ProfileView.swift in Sources */,
				C38767322EC83F3C00AB0938 /* AdvisorService.swift in Sources */,
				C387673F2EC83F9B00AB0938 /* AddMealView.swift in Sources */,
				C387673C2EC83F8C00AB0938 /* AddRecipeView.swift in Sources */,
				C387673E2EC83F9700AB0938 /* RecipeDetailView.swift in Sources */,
			);
			runOnlyForDeploymentPostprocessing = 0;
		};
		C38766F32EC8344C00AB0938 /* Sources */ = {
			isa = PBXSourcesBuildPhase;
			buildActionMask = 2147483647;
			files = (
			);
			runOnlyForDeploymentPostprocessing = 0;
		};
		C38766FD2EC8344C00AB0938 /* Sources */ = {
			isa = PBXSourcesBuildPhase;
			buildActionMask = 2147483647;
			files = (
			);
			runOnlyForDeploymentPostprocessing = 0;
		};
/* End PBXSourcesBuildPhase section */

/* Begin PBXTargetDependency section */
		C38766F92EC8344C00AB0938 /* PBXTargetDependency */ = {
			isa = PBXTargetDependency;
			target = C38766E72EC8344B00AB0938 /* WellDay */;
			targetProxy = C38766F82EC8344C00AB0938 /* PBXContainerItemProxy */;
		};
		C38767032EC8344C00AB0938 /* PBXTargetDependency */ = {
			isa = PBXTargetDependency;
			target = C38766E72EC8344B00AB0938 /* WellDay */;
			targetProxy = C38767022EC8344C00AB0938 /* PBXContainerItemProxy */;
		};
/* End PBXTargetDependency section */

/* Begin XCBuildConfiguration section */
		C38767092EC8344C00AB0938 /* Debug */ = {
			isa = XCBuildConfiguration;
			buildSettings = {
				ALWAYS_SEARCH_USER_PATHS = NO;
				ASSETCATALOG_COMPILER_GENERATE_SWIFT_ASSET_SYMBOL_EXTENSIONS = YES;
				CLANG_ANALYZER_NONNULL = YES;
				CLANG_ANALYZER_NUMBER_OBJECT_CONVERSION = YES_AGGRESSIVE;
				CLANG_CXX_LANGUAGE_STANDARD = "gnu++20";
				CLANG_ENABLE_MODULES = YES;
				CLANG_ENABLE_OBJC_ARC = YES;
				CLANG_ENABLE_OBJC_WEAK = YES;
				CLANG_WARN_BLOCK_CAPTURE_AUTORELEASING = YES;
				CLANG_WARN_BOOL_CONVERSION = YES;
				CLANG_WARN_COMMA = YES;
				CLANG_WARN_CONSTANT_CONVERSION = YES;
				CLANG_WARN_DEPRECATED_OBJC_IMPLEMENTATIONS = YES;
				CLANG_WARN_DIRECT_OBJC_ISA_USAGE = YES_ERROR;
				CLANG_WARN_DOCUMENTATION_COMMENTS = YES;
				CLANG_WARN_EMPTY_BODY = YES;
				CLANG_WARN_ENUM_CONVERSION = YES;
				CLANG_WARN_INFINITE_RECURSION = YES;
				CLANG_WARN_INT_CONVERSION = YES;
				CLANG_WARN_NON_LITERAL_NULL_CONVERSION = YES;
				CLANG_WARN_OBJC_IMPLICIT_RETAIN_SELF = YES;
				CLANG_WARN_OBJC_LITERAL_CONVERSION = YES;
				CLANG_WARN_OBJC_ROOT_CLASS = YES_ERROR;
				CLANG_WARN_QUOTED_INCLUDE_IN_FRAMEWORK_HEADER = YES;
				CLANG_WARN_RANGE_LOOP_ANALYSIS = YES;
				CLANG_WARN_STRICT_PROTOTYPES = YES;
				CLANG_WARN_SUSPICIOUS_MOVE = YES;
				CLANG_WARN_UNGUARDED_AVAILABILITY = YES_AGGRESSIVE;
				CLANG_WARN_UNREACHABLE_CODE = YES;
				CLANG_WARN__DUPLICATE_METHOD_MATCH = YES;
				COPY_PHASE_STRIP = NO;
				DEBUG_INFORMATION_FORMAT = dwarf;
				ENABLE_STRICT_OBJC_MSGSEND = YES;
				ENABLE_TESTABILITY = YES;
				ENABLE_USER_SCRIPT_SANDBOXING = YES;
				GCC_C_LANGUAGE_STANDARD = gnu17;
				GCC_DYNAMIC_NO_PIC = NO;
				GCC_NO_COMMON_BLOCKS = YES;
				GCC_OPTIMIZATION_LEVEL = 0;
				GCC_PREPROCESSOR_DEFINITIONS = (
					"DEBUG=1",
					"$(inherited)",
				);
				GCC_WARN_64_TO_32_BIT_CONVERSION = YES;
				GCC_WARN_ABOUT_RETURN_TYPE = YES_ERROR;
				GCC_WARN_UNDECLARED_SELECTOR = YES;
				GCC_WARN_UNINITIALIZED_AUTOS = YES_AGGRESSIVE;
				GCC_WARN_UNUSED_FUNCTION = YES;
				GCC_WARN_UNUSED_VARIABLE = YES;
				IPHONEOS_DEPLOYMENT_TARGET = 26.1;
				LOCALIZATION_PREFERS_STRING_CATALOGS = YES;
				MTL_ENABLE_DEBUG_INFO = INCLUDE_SOURCE;
				MTL_FAST_MATH = YES;
				ONLY_ACTIVE_ARCH = YES;
				SDKROOT = iphoneos;
				SWIFT_ACTIVE_COMPILATION_CONDITIONS = "DEBUG $(inherited)";
				SWIFT_OPTIMIZATION_LEVEL = "-Onone";
			};
			name = Debug;
		};
		C387670A2EC8344C00AB0938 /* Release */ = {
			isa = XCBuildConfiguration;
			buildSettings = {
				ALWAYS_SEARCH_USER_PATHS = NO;
				ASSETCATALOG_COMPILER_GENERATE_SWIFT_ASSET_SYMBOL_EXTENSIONS = YES;
				CLANG_ANALYZER_NONNULL = YES;
				CLANG_ANALYZER_NUMBER_OBJECT_CONVERSION = YES_AGGRESSIVE;
				CLANG_CXX_LANGUAGE_STANDARD = "gnu++20";
				CLANG_ENABLE_MODULES = YES;
				CLANG_ENABLE_OBJC_ARC = YES;
				CLANG_ENABLE_OBJC_WEAK = YES;
				CLANG_WARN_BLOCK_CAPTURE_AUTORELEASING = YES;
				CLANG_WARN_BOOL_CONVERSION = YES;
				CLANG_WARN_COMMA = YES;
				CLANG_WARN_CONSTANT_CONVERSION = YES;
				CLANG_WARN_DEPRECATED_OBJC_IMPLEMENTATIONS = YES;
				CLANG_WARN_DIRECT_OBJC_ISA_USAGE = YES_ERROR;
				CLANG_WARN_DOCUMENTATION_COMMENTS = YES;
				CLANG_WARN_EMPTY_BODY = YES;
				CLANG_WARN_ENUM_CONVERSION = YES;
				CLANG_WARN_INFINITE_RECURSION = YES;
				CLANG_WARN_INT_CONVERSION = YES;
				CLANG_WARN_NON_LITERAL_NULL_CONVERSION = YES;
				CLANG_WARN_OBJC_IMPLICIT_RETAIN_SELF = YES;
				CLANG_WARN_OBJC_LITERAL_CONVERSION = YES;
				CLANG_WARN_OBJC_ROOT_CLASS = YES_ERROR;
				CLANG_WARN_QUOTED_INCLUDE_IN_FRAMEWORK_HEADER = YES;
				CLANG_WARN_RANGE_LOOP_ANALYSIS = YES;
				CLANG_WARN_STRICT_PROTOTYPES = YES;
				CLANG_WARN_SUSPICIOUS_MOVE = YES;
				CLANG_WARN_UNGUARDED_AVAILABILITY = YES_AGGRESSIVE;
				CLANG_WARN_UNREACHABLE_CODE = YES;
				CLANG_WARN__DUPLICATE_METHOD_MATCH = YES;
				COPY_PHASE_STRIP = NO;
				DEBUG_INFORMATION_FORMAT = "dwarf-with-dsym";
				ENABLE_NS_ASSERTIONS = NO;
				ENABLE_STRICT_OBJC_MSGSEND = YES;
				ENABLE_USER_SCRIPT_SANDBOXING = YES;
				GCC_C_LANGUAGE_STANDARD = gnu17;
				GCC_NO_COMMON_BLOCKS = YES;
				GCC_WARN_64_TO_32_BIT_CONVERSION = YES;
				GCC_WARN_ABOUT_RETURN_TYPE = YES_ERROR;
				GCC_WARN_UNDECLARED_SELECTOR = YES;
				GCC_WARN_UNINITIALIZED_AUTOS = YES_AGGRESSIVE;
				GCC_WARN_UNUSED_FUNCTION = YES;
				GCC_WARN_UNUSED_VARIABLE = YES;
				IPHONEOS_DEPLOYMENT_TARGET = 26.1;
				LOCALIZATION_PREFERS_STRING_CATALOGS = YES;
				MTL_ENABLE_DEBUG_INFO = NO;
				MTL_FAST_MATH = YES;
				SDKROOT = iphoneos;
				SWIFT_COMPILATION_MODE = wholemodule;
				VALIDATE_PRODUCT = YES;
			};
			name = Release;
		};
		C387670C2EC8344C00AB0938 /* Debug */ = {
			isa = XCBuildConfiguration;
			buildSettings = {
				ASSETCATALOG_COMPILER_APPICON_NAME = AppIcon;
				ASSETCATALOG_COMPILER_GLOBAL_ACCENT_COLOR_NAME = AccentColor;
				CODE_SIGN_STYLE = Automatic;
				CURRENT_PROJECT_VERSION = 1;
				ENABLE_PREVIEWS = YES;
				GENERATE_INFOPLIST_FILE = YES;
				INFOPLIST_KEY_UIApplicationSceneManifest_Generation = YES;
				INFOPLIST_KEY_UIApplicationSupportsIndirectInputEvents = YES;
				INFOPLIST_KEY_UILaunchScreen_Generation = YES;
				INFOPLIST_KEY_UISupportedInterfaceOrientations_iPad = "UIInterfaceOrientationPortrait UIInterfaceOrientationPortraitUpsideDown UIInterfaceOrientationLandscapeLeft UIInterfaceOrientationLandscapeRight";
				INFOPLIST_KEY_UISupportedInterfaceOrientations_iPhone = "UIInterfaceOrientationPortrait UIInterfaceOrientationLandscapeLeft UIInterfaceOrientationLandscapeRight";
				LD_RUNPATH_SEARCH_PATHS = (
					"$(inherited)",
					"@executable_path/Frameworks",
				);
				MARKETING_VERSION = 1.0;
				PRODUCT_BUNDLE_IDENTIFIER = com.FloydLabs.WellDay;
				PRODUCT_NAME = "$(TARGET_NAME)";
				STRING_CATALOG_GENERATE_SYMBOLS = YES;
				SWIFT_APPROACHABLE_CONCURRENCY = YES;
				SWIFT_DEFAULT_ACTOR_ISOLATION = MainActor;
				SWIFT_EMIT_LOC_STRINGS = YES;
				SWIFT_UPCOMING_FEATURE_MEMBER_IMPORT_VISIBILITY = YES;
				SWIFT_VERSION = 5.0;
				TARGETED_DEVICE_FAMILY = "1,2";
			};
			name = Debug;
		};
		C387670D2EC8344C00AB0938 /* Release */ = {
			isa = XCBuildConfiguration;
			buildSettings = {
				ASSETCATALOG_COMPILER_APPICON_NAME = AppIcon;
				ASSETCATALOG_COMPILER_GLOBAL_ACCENT_COLOR_NAME = AccentColor;
				CODE_SIGN_STYLE = Automatic;
				CURRENT_PROJECT_VERSION = 1;
				ENABLE_PREVIEWS = YES;
				GENERATE_INFOPLIST_FILE = YES;
				INFOPLIST_KEY_UIApplicationSceneManifest_Generation = YES;
				INFOPLIST_KEY_UIApplicationSupportsIndirectInputEvents = YES;
				INFOPLIST_KEY_UILaunchScreen_Generation = YES;
				INFOPLIST_KEY_UISupportedInterfaceOrientations_iPad = "UIInterfaceOrientationPortrait UIInterfaceOrientationPortraitUpsideDown UIInterfaceOrientationLandscapeLeft UIInterfaceOrientationLandscapeRight";
				INFOPLIST_KEY_UISupportedInterfaceOrientations_iPhone = "UIInterfaceOrientationPortrait UIInterfaceOrientationLandscapeLeft UIInterfaceOrientationLandscapeRight";
				LD_RUNPATH_SEARCH_PATHS = (
					"$(inherited)",
					"@executable_path/Frameworks",
				);
				MARKETING_VERSION = 1.0;
				PRODUCT_BUNDLE_IDENTIFIER = com.FloydLabs.WellDay;
				PRODUCT_NAME = "$(TARGET_NAME)";
				STRING_CATALOG_GENERATE_SYMBOLS = YES;
				SWIFT_APPROACHABLE_CONCURRENCY = YES;
				SWIFT_DEFAULT_ACTOR_ISOLATION = MainActor;
				SWIFT_EMIT_LOC_STRINGS = YES;
				SWIFT_UPCOMING_FEATURE_MEMBER_IMPORT_VISIBILITY = YES;
				SWIFT_VERSION = 5.0;
				TARGETED_DEVICE_FAMILY = "1,2";
			};
			name = Release;
		};
		C387670F2EC8344C00AB0938 /* Debug */ = {
			isa = XCBuildConfiguration;
			buildSettings = {
				BUNDLE_LOADER = "$(TEST_HOST)";
				CODE_SIGN_STYLE = Automatic;
				CURRENT_PROJECT_VERSION = 1;
				GENERATE_INFOPLIST_FILE = YES;
				IPHONEOS_DEPLOYMENT_TARGET = 26.1;
				MARKETING_VERSION = 1.0;
				PRODUCT_BUNDLE_IDENTIFIER = com.FloydLabs.WellDayTests;
				PRODUCT_NAME = "$(TARGET_NAME)";
				STRING_CATALOG_GENERATE_SYMBOLS = NO;
				SWIFT_APPROACHABLE_CONCURRENCY = YES;
				SWIFT_EMIT_LOC_STRINGS = NO;
				SWIFT_UPCOMING_FEATURE_MEMBER_IMPORT_VISIBILITY = YES;
				SWIFT_VERSION = 5.0;
				TARGETED_DEVICE_FAMILY = "1,2";
				TEST_HOST = "$(BUILT_PRODUCTS_DIR)/WellDay.app/$(BUNDLE_EXECUTABLE_FOLDER_PATH)/WellDay";
			};
			name = Debug;
		};
		C38767102EC8344C00AB0938 /* Release */ = {
			isa = XCBuildConfiguration;
			buildSettings = {
				BUNDLE_LOADER = "$(TEST_HOST)";
				CODE_SIGN_STYLE = Automatic;
				CURRENT_PROJECT_VERSION = 1;
				GENERATE_INFOPLIST_FILE = YES;
				IPHONEOS_DEPLOYMENT_TARGET = 26.1;
				MARKETING_VERSION = 1.0;
				PRODUCT_BUNDLE_IDENTIFIER = com.FloydLabs.WellDayTests;
				PRODUCT_NAME = "$(TARGET_NAME)";
				STRING_CATALOG_GENERATE_SYMBOLS = NO;
				SWIFT_APPROACHABLE_CONCURRENCY = YES;
				SWIFT_EMIT_LOC_STRINGS = NO;
				SWIFT_UPCOMING_FEATURE_MEMBER_IMPORT_VISIBILITY = YES;
				SWIFT_VERSION = 5.0;
				TARGETED_DEVICE_FAMILY = "1,2";
				TEST_HOST = "$(BUILT_PRODUCTS_DIR)/WellDay.app/$(BUNDLE_EXECUTABLE_FOLDER_PATH)/WellDay";
			};
			name = Release;
		};
		C38767122EC8344C00AB0938 /* Debug */ = {
			isa = XCBuildConfiguration;
			buildSettings = {
				CODE_SIGN_STYLE = Automatic;
				CURRENT_PROJECT_VERSION = 1;
				GENERATE_INFOPLIST_FILE = YES;
				MARKETING_VERSION = 1.0;
				PRODUCT_BUNDLE_IDENTIFIER = com.FloydLabs.WellDayUITests;
				PRODUCT_NAME = "$(TARGET_NAME)";
				STRING_CATALOG_GENERATE_SYMBOLS = NO;
				SWIFT_APPROACHABLE_CONCURRENCY = YES;
				SWIFT_EMIT_LOC_STRINGS = NO;
				SWIFT_UPCOMING_FEATURE_MEMBER_IMPORT_VISIBILITY = YES;
				SWIFT_VERSION = 5.0;
				TARGETED_DEVICE_FAMILY = "1,2";
				TEST_TARGET_NAME = WellDay;
			};
			name = Debug;
		};
		C38767132EC8344C00AB0938 /* Release */ = {
			isa = XCBuildConfiguration;
			buildSettings = {
				CODE_SIGN_STYLE = Automatic;
				CURRENT_PROJECT_VERSION = 1;
				GENERATE_INFOPLIST_FILE = YES;
				MARKETING_VERSION = 1.0;
				PRODUCT_BUNDLE_IDENTIFIER = com.FloydLabs.WellDayUITests;
				PRODUCT_NAME = "$(TARGET_NAME)";
				STRING_CATALOG_GENERATE_SYMBOLS = NO;
				SWIFT_APPROACHABLE_CONCURRENCY = YES;
				SWIFT_EMIT_LOC_STRINGS = NO;
				SWIFT_UPCOMING_FEATURE_MEMBER_IMPORT_VISIBILITY = YES;
				SWIFT_VERSION = 5.0;
				TARGETED_DEVICE_FAMILY = "1,2";
				TEST_TARGET_NAME = WellDay;
			};
			name = Release;
		};
/* End XCBuildConfiguration section */

/* Begin XCConfigurationList section */
		C38766E32EC8344B00AB0938 /* Build configuration list for PBXProject "WellDay" */ = {
			isa = XCConfigurationList;
			buildConfigurations = (
				C38767092EC8344C00AB0938 /* Debug */,
				C387670A2EC8344C00AB0938 /* Release */,
			);
			defaultConfigurationIsVisible = 0;
			defaultConfigurationName = Release;
		};
		C387670B2EC8344C00AB0938 /* Build configuration list for PBXNativeTarget "WellDay" */ = {
			isa = XCConfigurationList;
			buildConfigurations = (
				C387670C2EC8344C00AB0938 /* Debug */,
				C387670D2EC8344C00AB0938 /* Release */,
			);
			defaultConfigurationIsVisible = 0;
			defaultConfigurationName = Release;
		};
		C387670E2EC8344C00AB0938 /* Build configuration list for PBXNativeTarget "WellDayTests" */ = {
			isa = XCConfigurationList;
			buildConfigurations = (
				C387670F2EC8344C00AB0938 /* Debug */,
				C38767102EC8344C00AB0938 /* Release */,
			);
			defaultConfigurationIsVisible = 0;
			defaultConfigurationName = Release;
		};
		C38767112EC8344C00AB0938 /* Build configuration list for PBXNativeTarget "WellDayUITests" */ = {
			isa = XCConfigurationList;
			buildConfigurations = (
				C38767122EC8344C00AB0938 /* Debug */,
				C38767132EC8344C00AB0938 /* Release */,
			);
			defaultConfigurationIsVisible = 0;
			defaultConfigurationName = Release;
		};
/* End XCConfigurationList section */
	};
	rootObject = C38766E02EC8344B00AB0938 /* Project object */;
}
